
Microsoft Visual Studio Solution File, Format Version 12.00
# Visual Studio Version 16
VisualStudioVersion = 16.0.31105.61
MinimumVisualStudioVersion = 10.0.40219.1
Project("{FAE04EC0-301F-11D3-BF4B-00C04F79EFBC}") = "ElibraryManagement", "ElibraryManagement.csproj", "{F8031F4A-9CF2-414C-9693-196D7192E5BB}"
EndProject
Global
	GlobalSection(SolutionConfigurationPlatforms) = preSolution
		Debug|Any CPU = Debug|Any CPU
		Release|Any CPU = Release|Any CPU
	EndGlobalSection
	GlobalSection(ProjectConfigurationPlatforms) = postSolution
		{F8031F4A-9CF2-414C-9693-196D7192E5BB}.Debug|Any CPU.ActiveCfg = Debug|Any CPU
		{F8031F4A-9CF2-414C-9693-196D7192E5BB}.Debug|Any CPU.Build.0 = Debug|Any CPU
		{F8031F4A-9CF2-414C-9693-196D7192E5BB}.Release|Any CPU.ActiveCfg = Release|Any CPU
		{F8031F4A-9CF2-414C-9693-196D7192E5BB}.Release|Any CPU.Build.0 = Release|Any CPU
	EndGlobalSection
	GlobalSection(SolutionProperties) = preSolution
		HideSolutionNode = FALSE
	EndGlobalSection
	GlobalSection(ExtensibilityGlobals) = postSolution
		SolutionGuid = {1085BC57-3B9C-46B6-8482-6EF40E192BA4}
	EndGlobalSection
EndGlobal
